PODS:
  - ActionSheetPicker-3.0 (1.7.2)
  - DZNEmptyDataSet (1.7.1)
  - GeoJSONSerialization (0.0.4)
  - SDWebImage (3.7.3):
    - SDWebImage/Core (= 3.7.3)
  - SDWebImage/Core (3.7.3)

DEPENDENCIES:
  - ActionSheetPicker-3.0
  - DZNEmptyDataSet
  - GeoJSONSerialization (~> 0.0.4)
  - SDWebImage (~> 3.7.3)

SPEC CHECKSUMS:
  ActionSheetPicker-3.0: c5bdca19fd8b3d798f0c79892cbab6f11a8523ae
  DZNEmptyDataSet: 2a398066c2bf5848f7f693fb50954b5064debd12
  GeoJSONSerialization: 55a3d24fe9af26508e3af76873114b39b13ba479
  SDWebImage: 1d2b1a1efda1ade1b00b6f8498865f8ddedc8a84

COCOAPODS: 0.35.0
